
Microsoft Visual Studio Solution File, Format Version 12.00
# Visual Studio Version 16
VisualStudioVersion = 25.0.1706.10
MinimumVisualStudioVersion = 10.0.40219.1
Project("{FAE04EC0-301F-11D3-BF4B-00C04F79EFBC}") = "Week3IfAndSwitch", "Week3IfAndSwitch\Week3IfAndSwitch.csproj", "{EC194801-F0C8-4ACB-95CE-D41ADAD1E676}"
EndProject
Project("{FAE04EC0-301F-11D3-BF4B-00C04F79EFBC}") = "IfDayOfTheWeek", "IfDayOfTheWeek\IfDayOfTheWeek.csproj", "{4792BA4C-EA7C-4C85-BD78-FF0D6729EE2C}"
EndProject
Project("{FAE04EC0-301F-11D3-BF4B-00C04F79EFBC}") = "OddOrEven", "OddOrEven\OddOrEven.csproj", "{25A2BB53-B069-48AD-8E56-0234AD68EAC9}"
EndProject
Project("{FAE04EC0-301F-11D3-BF4B-00C04F79EFBC}") = "SwitchDayOfTheWeek", "SwitchDayOfTheWeek\SwitchDayOfTheWeek.csproj", "{AA9934FB-3F82-4C34-9107-63FAAEEDF041}"
EndProject
Global
	GlobalSection(SolutionConfigurationPlatforms) = preSolution
		Debug|Any CPU = Debug|Any CPU
		Release|Any CPU = Release|Any CPU
	EndGlobalSection
	GlobalSection(ProjectConfigurationPlatforms) = postSolution
		{EC194801-F0C8-4ACB-95CE-D41ADAD1E676}.Debug|Any CPU.ActiveCfg = Debug|Any CPU
		{EC194801-F0C8-4ACB-95CE-D41ADAD1E676}.Debug|Any CPU.Build.0 = Debug|Any CPU
		{EC194801-F0C8-4ACB-95CE-D41ADAD1E676}.Release|Any CPU.ActiveCfg = Release|Any CPU
		{EC194801-F0C8-4ACB-95CE-D41ADAD1E676}.Release|Any CPU.Build.0 = Release|Any CPU
		{4792BA4C-EA7C-4C85-BD78-FF0D6729EE2C}.Debug|Any CPU.ActiveCfg = Debug|Any CPU
		{4792BA4C-EA7C-4C85-BD78-FF0D6729EE2C}.Debug|Any CPU.Build.0 = Debug|Any CPU
		{4792BA4C-EA7C-4C85-BD78-FF0D6729EE2C}.Release|Any CPU.ActiveCfg = Release|Any CPU
		{4792BA4C-EA7C-4C85-BD78-FF0D6729EE2C}.Release|Any CPU.Build.0 = Release|Any CPU
		{25A2BB53-B069-48AD-8E56-0234AD68EAC9}.Debug|Any CPU.ActiveCfg = Debug|Any CPU
		{25A2BB53-B069-48AD-8E56-0234AD68EAC9}.Debug|Any CPU.Build.0 = Debug|Any CPU
		{25A2BB53-B069-48AD-8E56-0234AD68EAC9}.Release|Any CPU.ActiveCfg = Release|Any CPU
		{25A2BB53-B069-48AD-8E56-0234AD68EAC9}.Release|Any CPU.Build.0 = Release|Any CPU
		{AA9934FB-3F82-4C34-9107-63FAAEEDF041}.Debug|Any CPU.ActiveCfg = Debug|Any CPU
		{AA9934FB-3F82-4C34-9107-63FAAEEDF041}.Debug|Any CPU.Build.0 = Debug|Any CPU
		{AA9934FB-3F82-4C34-9107-63FAAEEDF041}.Release|Any CPU.ActiveCfg = Release|Any CPU
		{AA9934FB-3F82-4C34-9107-63FAAEEDF041}.Release|Any CPU.Build.0 = Release|Any CPU
	EndGlobalSection
	GlobalSection(SolutionProperties) = preSolution
		HideSolutionNode = FALSE
	EndGlobalSection
	GlobalSection(ExtensibilityGlobals) = postSolution
		SolutionGuid = {E687D456-4525-4765-8D58-8D211E1E9B27}
	EndGlobalSection
EndGlobal
